{
  "nodes": {
    "darwin": {
      "inputs": {
        "nixpkgs": [
          "nixpkgs"
        ]
      },
      "locked": {
        "lastModified": 1711763326,
        "narHash": "sha256-sXcesZWKXFlEQ8oyGHnfk4xc9f2Ip0X/+YZOq3sKviI=",
        "owner": "lnl7",
        "repo": "nix-darwin",
        "rev": "36524adc31566655f2f4d55ad6b875fb5c1a4083",
        "type": "github"
      },
      "original": {
        "owner": "lnl7",
        "repo": "nix-darwin",
        "type": "github"
      }
    },
    "home-manager": {
      "inputs": {
        "nixpkgs": [
          "nixpkgs"
        ]
      },
      "locked": {
        "lastModified": 1712212014,
        "narHash": "sha256-s+lbaf3nLRn1++/X2eXwY9mYCA/m9l8AvyG8beeOaXE=",
        "owner": "nix-community",
        "repo": "home-manager",
        "rev": "7e91f2a0ba4b62b88591279d54f741a13e36245b",
        "type": "github"
      },
      "original": {
        "owner": "nix-community",
        "repo": "home-manager",
        "type": "github"
      }
    },
    "nur": {
      "locked": {
        "lastModified": 1712215405,
        "narHash": "sha256-WqQKP0zifFgUIW1ZLEsyJTcfh0TojQjpnUZRQA7+W2A=",
        "owner": "nix-community",
        "repo": "NUR",
        "rev": "ded87e3d2f1ffbcb7505991f3b27f3436dafdc3e",
        "type": "github"
      },
      "original": {
        "owner": "nix-community",
        "repo": "NUR",
        "type": "github"
      }
    },
    "root": {
      "inputs": {
        "darwin": "darwin",
        "home-manager": "home-manager",
        "nixpkgs": [
          "unstable"
        ],
        "nur": "nur",
        "stable": "stable",
        "unstable": "unstable"
      }
    },
    "stable": {
      "locked": {
        "lastModified": 1712217116,
        "narHash": "sha256-AYZLTctK+w2Xh/BXl5fm7DOecq7rnsfL+UAWbI0VXyw=",
        "owner": "nixos",
        "repo": "nixpkgs",
        "rev": "c6149db25c6ca2d606c5f2425a08f458e7f0123b",
        "type": "github"
      },
      "original": {
        "owner": "nixos",
        "ref": "release-23.11",
        "repo": "nixpkgs",
        "type": "github"
      }
    },
    "unstable": {
      "locked": {
        "lastModified": 1712090461,
        "narHash": "sha256-PAfFp+YEKpkzwz6ruXQMvTa1puO4ySSu2G4Sp/jkCc8=",
        "owner": "nixos",
        "repo": "nixpkgs",
        "rev": "e976fa8f49c35cf28496301a1ef2aa23ad576b56",
        "type": "github"
      },
      "original": {
        "owner": "nixos",
        "ref": "nixpkgs-unstable",
        "repo": "nixpkgs",
        "type": "github"
      }
    }
  },
  "root": "root",
  "version": 7
}
